
Microsoft Visual Studio Solution File, Format Version 12.00
# Visual Studio Version 17
VisualStudioVersion = 17.11.35222.181
MinimumVisualStudioVersion = 10.0.40219.1
Project("{FAE04EC0-301F-11D3-BF4B-00C04F79EFBC}") = "MauiAppSaltanov", "MauiAppKosmakovM\MauiAppSaltanov.csproj", "{EDC48320-5076-4F25-A6A5-82694CE7C5E5}"
EndProject
Global
	GlobalSection(SolutionConfigurationPlatforms) = preSolution
		Debug|Any CPU = Debug|Any CPU
		Release|Any CPU = Release|Any CPU
	EndGlobalSection
	GlobalSection(ProjectConfigurationPlatforms) = postSolution
		{EDC48320-5076-4F25-A6A5-82694CE7C5E5}.Debug|Any CPU.ActiveCfg = Debug|Any CPU
		{EDC48320-5076-4F25-A6A5-82694CE7C5E5}.Debug|Any CPU.Build.0 = Debug|Any CPU
		{EDC48320-5076-4F25-A6A5-82694CE7C5E5}.Debug|Any CPU.Deploy.0 = Debug|Any CPU
		{EDC48320-5076-4F25-A6A5-82694CE7C5E5}.Release|Any CPU.ActiveCfg = Release|Any CPU
		{EDC48320-5076-4F25-A6A5-82694CE7C5E5}.Release|Any CPU.Build.0 = Release|Any CPU
		{EDC48320-5076-4F25-A6A5-82694CE7C5E5}.Release|Any CPU.Deploy.0 = Release|Any CPU
	EndGlobalSection
	GlobalSection(SolutionProperties) = preSolution
		HideSolutionNode = FALSE
	EndGlobalSection
	GlobalSection(ExtensibilityGlobals) = postSolution
		SolutionGuid = {456C710D-1A92-4768-AE8C-5723551B8DD9}
	EndGlobalSection
EndGlobal
